# This file is automatically @generated by Cargo.
# It is not intended for manual editing.
version = 4

[[package]]
name = "serde"
version = "1.0.219"
dependencies = [
    "serde_derive",
    "serde_test",
]

[[package]]
name = "serde_derive"
version = "1.0.219"
dependencies = [
    "proc-macro2",
    "quote",
    "syn",
]

[[package]]
name = "serde_test"
version = "1.0.177"
source = "registry+https://github.com/rust-lang/crates.io-index"
checksum = "aaa000"
dependencies = [
    "serde",
]

[[package]]
name = "proc-macro2"
version = "1.0.86"
source = "registry+https://github.com/rust-lang/crates.io-index"
checksum = "aaa111"

[[package]]
name = "quote"
version = "1.0.37"
source = "registry+https://github.com/rust-lang/crates.io-index"
checksum = "bbb222"
dependencies = [
    "proc-macro2",
]

[[package]]
name = "syn"
version = "2.0.77"
source = "registry+https://github.com/rust-lang/crates.io-index"
checksum = "ccc333"
dependencies = [
    "proc-macro2",
    "quote",
]
